
Microsoft Visual Studio Solution File, Format Version 12.00
# Visual Studio Version 17
VisualStudioVersion = 17.6.33801.468
MinimumVisualStudioVersion = 10.0.40219.1
Project("{8BC9CEB8-8B4A-11D0-8D11-00A0C91BC942}") = "MyProject", "MyProject\MyProject.vcxproj", "{47BFB30D-6C07-48CB-BAF8-9AA3A5930435}"
EndProject
Global
	GlobalSection(SolutionConfigurationPlatforms) = preSolution
		Debug|x64 = Debug|x64
		Debug|x86 = Debug|x86
		Release|x64 = Release|x64
		Release|x86 = Release|x86
	EndGlobalSection
	GlobalSection(ProjectConfigurationPlatforms) = postSolution
		{47BFB30D-6C07-48CB-BAF8-9AA3A5930435}.Debug|x64.ActiveCfg = Debug|x64
		{47BFB30D-6C07-48CB-BAF8-9AA3A5930435}.Debug|x64.Build.0 = Debug|x64
		{47BFB30D-6C07-48CB-BAF8-9AA3A5930435}.Debug|x86.ActiveCfg = Debug|Win32
		{47BFB30D-6C07-48CB-BAF8-9AA3A5930435}.Debug|x86.Build.0 = Debug|Win32
		{47BFB30D-6C07-48CB-BAF8-9AA3A5930435}.Release|x64.ActiveCfg = Release|x64
		{47BFB30D-6C07-48CB-BAF8-9AA3A5930435}.Release|x64.Build.0 = Release|x64
		{47BFB30D-6C07-48CB-BAF8-9AA3A5930435}.Release|x86.ActiveCfg = Release|Win32
		{47BFB30D-6C07-48CB-BAF8-9AA3A5930435}.Release|x86.Build.0 = Release|Win32
	EndGlobalSection
	GlobalSection(SolutionProperties) = preSolution
		HideSolutionNode = FALSE
	EndGlobalSection
	GlobalSection(ExtensibilityGlobals) = postSolution
		SolutionGuid = {C8E76C3B-8463-46DC-A539-3D0AE7320D7E}
	EndGlobalSection
EndGlobal
